
Microsoft Visual Studio Solution File, Format Version 12.00
# Visual Studio Version 17
VisualStudioVersion = 17.7.34221.43
MinimumVisualStudioVersion = 10.0.40219.1
Project("{8BC9CEB8-8B4A-11D0-8D11-00A0C91BC942}") = "ErdemCPPRayTracer", "ErdemCPPRayTracer.vcxproj", "{43CAC516-359D-49B9-A93A-0BC5B5E43FC7}"
EndProject
Global
	GlobalSection(SolutionConfigurationPlatforms) = preSolution
		Debug|x64 = Debug|x64
		Release|x64 = Release|x64
	EndGlobalSection
	GlobalSection(ProjectConfigurationPlatforms) = postSolution
		{43CAC516-359D-49B9-A93A-0BC5B5E43FC7}.Debug|x64.ActiveCfg = Debug|x64
		{43CAC516-359D-49B9-A93A-0BC5B5E43FC7}.Debug|x64.Build.0 = Debug|x64
		{43CAC516-359D-49B9-A93A-0BC5B5E43FC7}.Release|x64.ActiveCfg = Release|x64
		{43CAC516-359D-49B9-A93A-0BC5B5E43FC7}.Release|x64.Build.0 = Release|x64
	EndGlobalSection
	GlobalSection(SolutionProperties) = preSolution
		HideSolutionNode = FALSE
	EndGlobalSection
	GlobalSection(ExtensibilityGlobals) = postSolution
		SolutionGuid = {4951E2EF-28E2-43DC-A9E9-C8F84BFB1B92}
	EndGlobalSection
EndGlobal
